
Microsoft Visual Studio Solution File, Format Version 12.00
# Visual Studio Version 17
VisualStudioVersion = 17.14.36623.8 d17.14
MinimumVisualStudioVersion = 10.0.40219.1
Project("{FAE04EC0-301F-11D3-BF4B-00C04F79EFBC}") = "Task 1", "Task 1\Task 1.csproj", "{650BE63D-1F90-4075-9CF3-2F922F1DD3A0}"
EndProject
Project("{2150E333-8FDC-42A3-9474-1A3956D46DE8}") = "Solution Items", "Solution Items", "{8EC462FD-D22E-90A8-E5CE-7E832BA40C5D}"
	ProjectSection(SolutionItems) = preProject
		.gitignore = .gitignore
	EndProjectSection
EndProject
Project("{FAE04EC0-301F-11D3-BF4B-00C04F79EFBC}") = "Task 2", "Task 2\Task 2.csproj", "{DE84C2BD-3D09-4225-951A-10360F70C139}"
EndProject
Project("{FAE04EC0-301F-11D3-BF4B-00C04F79EFBC}") = "Task 3", "Task 3\Task 3.csproj", "{851576E8-ADD0-44C7-9538-2E163CEBD39A}"
EndProject
Global
	GlobalSection(SolutionConfigurationPlatforms) = preSolution
		Debug|Any CPU = Debug|Any CPU
		Release|Any CPU = Release|Any CPU
	EndGlobalSection
	GlobalSection(ProjectConfigurationPlatforms) = postSolution
		{650BE63D-1F90-4075-9CF3-2F922F1DD3A0}.Debug|Any CPU.ActiveCfg = Debug|Any CPU
		{650BE63D-1F90-4075-9CF3-2F922F1DD3A0}.Debug|Any CPU.Build.0 = Debug|Any CPU
		{650BE63D-1F90-4075-9CF3-2F922F1DD3A0}.Release|Any CPU.ActiveCfg = Release|Any CPU
		{650BE63D-1F90-4075-9CF3-2F922F1DD3A0}.Release|Any CPU.Build.0 = Release|Any CPU
		{DE84C2BD-3D09-4225-951A-10360F70C139}.Debug|Any CPU.ActiveCfg = Debug|Any CPU
		{DE84C2BD-3D09-4225-951A-10360F70C139}.Debug|Any CPU.Build.0 = Debug|Any CPU
		{DE84C2BD-3D09-4225-951A-10360F70C139}.Release|Any CPU.ActiveCfg = Release|Any CPU
		{DE84C2BD-3D09-4225-951A-10360F70C139}.Release|Any CPU.Build.0 = Release|Any CPU
		{851576E8-ADD0-44C7-9538-2E163CEBD39A}.Debug|Any CPU.ActiveCfg = Debug|Any CPU
		{851576E8-ADD0-44C7-9538-2E163CEBD39A}.Debug|Any CPU.Build.0 = Debug|Any CPU
		{851576E8-ADD0-44C7-9538-2E163CEBD39A}.Release|Any CPU.ActiveCfg = Release|Any CPU
		{851576E8-ADD0-44C7-9538-2E163CEBD39A}.Release|Any CPU.Build.0 = Release|Any CPU
	EndGlobalSection
	GlobalSection(SolutionProperties) = preSolution
		HideSolutionNode = FALSE
	EndGlobalSection
	GlobalSection(ExtensibilityGlobals) = postSolution
		SolutionGuid = {48676B21-AE92-40A5-AA29-3C88B54FC3B7}
	EndGlobalSection
EndGlobal
